
Microsoft Visual Studio Solution File, Format Version 12.00
# Visual Studio Version 17
VisualStudioVersion = 17.0.31903.59
MinimumVisualStudioVersion = 10.0.40219.1
Project("{2150E333-8FDC-42A3-9474-1A3956D46DE8}") = "src", "src", "{827E0CD3-B72D-47B6-A68D-7590B98EB39B}"
EndProject
Project("{FAE04EC0-301F-11D3-BF4B-00C04F79EFBC}") = "Lunate.Ai", "src\Lunate.Ai\Lunate.Ai.csproj", "{08C88EC9-4DE0-4428-9D0E-3A4C7374371B}"
EndProject
Project("{FAE04EC0-301F-11D3-BF4B-00C04F79EFBC}") = "Lunate.Agent", "src\Lunate.Agent\Lunate.Agent.csproj", "{00F031DF-F9E2-4446-A057-902FE7E60961}"
EndProject
Project("{FAE04EC0-301F-11D3-BF4B-00C04F79EFBC}") = "Lunate.Tui", "src\Lunate.Tui\Lunate.Tui.csproj", "{AD3BDAAF-7E0D-42FB-9BB0-4EEBB836A454}"
EndProject
Project("{FAE04EC0-301F-11D3-BF4B-00C04F79EFBC}") = "Lunate.Protocols", "src\Lunate.Protocols\Lunate.Protocols.csproj", "{68A8BFEA-17AC-473F-8E0E-F30CF7F7374C}"
EndProject
Project("{FAE04EC0-301F-11D3-BF4B-00C04F79EFBC}") = "Lunate.Roslyn", "src\Lunate.Roslyn\Lunate.Roslyn.csproj", "{E6EE0652-5A32-4391-84D3-10702BAC6F9B}"
EndProject
Project("{FAE04EC0-301F-11D3-BF4B-00C04F79EFBC}") = "Lunate.Coding", "src\Lunate.Coding\Lunate.Coding.csproj", "{6F674220-9161-44A0-B8BC-E9D6D1771367}"
EndProject
Project("{2150E333-8FDC-42A3-9474-1A3956D46DE8}") = "tests", "tests", "{0AB3BF05-4346-4AA6-1389-037BE0695223}"
EndProject
Project("{FAE04EC0-301F-11D3-BF4B-00C04F79EFBC}") = "Lunate.Ai.Tests", "tests\Lunate.Ai.Tests\Lunate.Ai.Tests.csproj", "{99E53FB7-266B-44B7-925C-41E2BD594F02}"
EndProject
Project("{FAE04EC0-301F-11D3-BF4B-00C04F79EFBC}") = "Lunate.Agent.Tests", "tests\Lunate.Agent.Tests\Lunate.Agent.Tests.csproj", "{62180E98-5887-424E-989D-EC504BB0545E}"
EndProject
Project("{FAE04EC0-301F-11D3-BF4B-00C04F79EFBC}") = "Lunate.Tui.Tests", "tests\Lunate.Tui.Tests\Lunate.Tui.Tests.csproj", "{9AFB55F6-7018-48C0-B382-037A708523E9}"
EndProject
Project("{FAE04EC0-301F-11D3-BF4B-00C04F79EFBC}") = "Lunate.Protocols.Tests", "tests\Lunate.Protocols.Tests\Lunate.Protocols.Tests.csproj", "{2E6F3007-4844-4785-8297-54081081AF26}"
EndProject
Project("{FAE04EC0-301F-11D3-BF4B-00C04F79EFBC}") = "Lunate.Roslyn.Tests", "tests\Lunate.Roslyn.Tests\Lunate.Roslyn.Tests.csproj", "{237DDAC7-0E5A-4630-8CF9-D28EA8F2C49B}"
EndProject
Project("{FAE04EC0-301F-11D3-BF4B-00C04F79EFBC}") = "Lunate.Coding.Tests", "tests\Lunate.Coding.Tests\Lunate.Coding.Tests.csproj", "{71458A7E-693D-42AA-A4B7-82FAABAE220F}"
EndProject
Project("{FAE04EC0-301F-11D3-BF4B-00C04F79EFBC}") = "Lunate.Extensibility.Abstractions", "src\Lunate.Extensibility.Abstractions\Lunate.Extensibility.Abstractions.csproj", "{E56F61CC-0AEC-4E22-8352-59025677401A}"
EndProject
Project("{FAE04EC0-301F-11D3-BF4B-00C04F79EFBC}") = "Lunate.Extensibility.Tests", "tests\Lunate.Extensibility.Tests\Lunate.Extensibility.Tests.csproj", "{E9C15091-B40D-41DF-9C87-0413C50B23D8}"
EndProject
Global
	GlobalSection(SolutionConfigurationPlatforms) = preSolution
		Debug|Any CPU = Debug|Any CPU
		Debug|x64 = Debug|x64
		Debug|x86 = Debug|x86
		Release|Any CPU = Release|Any CPU
		Release|x64 = Release|x64
		Release|x86 = Release|x86
	EndGlobalSection
	GlobalSection(ProjectConfigurationPlatforms) = postSolution
		{08C88EC9-4DE0-4428-9D0E-3A4C7374371B}.Debug|Any CPU.ActiveCfg = Debug|Any CPU
		{08C88EC9-4DE0-4428-9D0E-3A4C7374371B}.Debug|Any CPU.Build.0 = Debug|Any CPU
		{08C88EC9-4DE0-4428-9D0E-3A4C7374371B}.Debug|x64.ActiveCfg = Debug|Any CPU
		{08C88EC9-4DE0-4428-9D0E-3A4C7374371B}.Debug|x64.Build.0 = Debug|Any CPU
		{08C88EC9-4DE0-4428-9D0E-3A4C7374371B}.Debug|x86.ActiveCfg = Debug|Any CPU
		{08C88EC9-4DE0-4428-9D0E-3A4C7374371B}.Debug|x86.Build.0 = Debug|Any CPU
		{08C88EC9-4DE0-4428-9D0E-3A4C7374371B}.Release|Any CPU.ActiveCfg = Release|Any CPU
		{08C88EC9-4DE0-4428-9D0E-3A4C7374371B}.Release|Any CPU.Build.0 = Release|Any CPU
		{08C88EC9-4DE0-4428-9D0E-3A4C7374371B}.Release|x64.ActiveCfg = Release|Any CPU
		{08C88EC9-4DE0-4428-9D0E-3A4C7374371B}.Release|x64.Build.0 = Release|Any CPU
		{08C88EC9-4DE0-4428-9D0E-3A4C7374371B}.Release|x86.ActiveCfg = Release|Any CPU
		{08C88EC9-4DE0-4428-9D0E-3A4C7374371B}.Release|x86.Build.0 = Release|Any CPU
		{00F031DF-F9E2-4446-A057-902FE7E60961}.Debug|Any CPU.ActiveCfg = Debug|Any CPU
		{00F031DF-F9E2-4446-A057-902FE7E60961}.Debug|Any CPU.Build.0 = Debug|Any CPU
		{00F031DF-F9E2-4446-A057-902FE7E60961}.Debug|x64.ActiveCfg = Debug|Any CPU
		{00F031DF-F9E2-4446-A057-902FE7E60961}.Debug|x64.Build.0 = Debug|Any CPU
		{00F031DF-F9E2-4446-A057-902FE7E60961}.Debug|x86.ActiveCfg = Debug|Any CPU
		{00F031DF-F9E2-4446-A057-902FE7E60961}.Debug|x86.Build.0 = Debug|Any CPU
		{00F031DF-F9E2-4446-A057-902FE7E60961}.Release|Any CPU.ActiveCfg = Release|Any CPU
		{00F031DF-F9E2-4446-A057-902FE7E60961}.Release|Any CPU.Build.0 = Release|Any CPU
		{00F031DF-F9E2-4446-A057-902FE7E60961}.Release|x64.ActiveCfg = Release|Any CPU
		{00F031DF-F9E2-4446-A057-902FE7E60961}.Release|x64.Build.0 = Release|Any CPU
		{00F031DF-F9E2-4446-A057-902FE7E60961}.Release|x86.ActiveCfg = Release|Any CPU
		{00F031DF-F9E2-4446-A057-902FE7E60961}.Release|x86.Build.0 = Release|Any CPU
		{AD3BDAAF-7E0D-42FB-9BB0-4EEBB836A454}.Debug|Any CPU.ActiveCfg = Debug|Any CPU
		{AD3BDAAF-7E0D-42FB-9BB0-4EEBB836A454}.Debug|Any CPU.Build.0 = Debug|Any CPU
		{AD3BDAAF-7E0D-42FB-9BB0-4EEBB836A454}.Debug|x64.ActiveCfg = Debug|Any CPU
		{AD3BDAAF-7E0D-42FB-9BB0-4EEBB836A454}.Debug|x64.Build.0 = Debug|Any CPU
		{AD3BDAAF-7E0D-42FB-9BB0-4EEBB836A454}.Debug|x86.ActiveCfg = Debug|Any CPU
		{AD3BDAAF-7E0D-42FB-9BB0-4EEBB836A454}.Debug|x86.Build.0 = Debug|Any CPU
		{AD3BDAAF-7E0D-42FB-9BB0-4EEBB836A454}.Release|Any CPU.ActiveCfg = Release|Any CPU
		{AD3BDAAF-7E0D-42FB-9BB0-4EEBB836A454}.Release|Any CPU.Build.0 = Release|Any CPU
		{AD3BDAAF-7E0D-42FB-9BB0-4EEBB836A454}.Release|x64.ActiveCfg = Release|Any CPU
		{AD3BDAAF-7E0D-42FB-9BB0-4EEBB836A454}.Release|x64.Build.0 = Release|Any CPU
		{AD3BDAAF-7E0D-42FB-9BB0-4EEBB836A454}.Release|x86.ActiveCfg = Release|Any CPU
		{AD3BDAAF-7E0D-42FB-9BB0-4EEBB836A454}.Release|x86.Build.0 = Release|Any CPU
		{68A8BFEA-17AC-473F-8E0E-F30CF7F7374C}.Debug|Any CPU.ActiveCfg = Debug|Any CPU
		{68A8BFEA-17AC-473F-8E0E-F30CF7F7374C}.Debug|Any CPU.Build.0 = Debug|Any CPU
		{68A8BFEA-17AC-473F-8E0E-F30CF7F7374C}.Debug|x64.ActiveCfg = Debug|Any CPU
		{68A8BFEA-17AC-473F-8E0E-F30CF7F7374C}.Debug|x64.Build.0 = Debug|Any CPU
		{68A8BFEA-17AC-473F-8E0E-F30CF7F7374C}.Debug|x86.ActiveCfg = Debug|Any CPU
		{68A8BFEA-17AC-473F-8E0E-F30CF7F7374C}.Debug|x86.Build.0 = Debug|Any CPU
		{68A8BFEA-17AC-473F-8E0E-F30CF7F7374C}.Release|Any CPU.ActiveCfg = Release|Any CPU
		{68A8BFEA-17AC-473F-8E0E-F30CF7F7374C}.Release|Any CPU.Build.0 = Release|Any CPU
		{68A8BFEA-17AC-473F-8E0E-F30CF7F7374C}.Release|x64.ActiveCfg = Release|Any CPU
		{68A8BFEA-17AC-473F-8E0E-F30CF7F7374C}.Release|x64.Build.0 = Release|Any CPU
		{68A8BFEA-17AC-473F-8E0E-F30CF7F7374C}.Release|x86.ActiveCfg = Release|Any CPU
		{68A8BFEA-17AC-473F-8E0E-F30CF7F7374C}.Release|x86.Build.0 = Release|Any CPU
		{E6EE0652-5A32-4391-84D3-10702BAC6F9B}.Debug|Any CPU.ActiveCfg = Debug|Any CPU
		{E6EE0652-5A32-4391-84D3-10702BAC6F9B}.Debug|Any CPU.Build.0 = Debug|Any CPU
		{E6EE0652-5A32-4391-84D3-10702BAC6F9B}.Debug|x64.ActiveCfg = Debug|Any CPU
		{E6EE0652-5A32-4391-84D3-10702BAC6F9B}.Debug|x64.Build.0 = Debug|Any CPU
		{E6EE0652-5A32-4391-84D3-10702BAC6F9B}.Debug|x86.ActiveCfg = Debug|Any CPU
		{E6EE0652-5A32-4391-84D3-10702BAC6F9B}.Debug|x86.Build.0 = Debug|Any CPU
		{E6EE0652-5A32-4391-84D3-10702BAC6F9B}.Release|Any CPU.ActiveCfg = Release|Any CPU
		{E6EE0652-5A32-4391-84D3-10702BAC6F9B}.Release|Any CPU.Build.0 = Release|Any CPU
		{E6EE0652-5A32-4391-84D3-10702BAC6F9B}.Release|x64.ActiveCfg = Release|Any CPU
		{E6EE0652-5A32-4391-84D3-10702BAC6F9B}.Release|x64.Build.0 = Release|Any CPU
		{E6EE0652-5A32-4391-84D3-10702BAC6F9B}.Release|x86.ActiveCfg = Release|Any CPU
		{E6EE0652-5A32-4391-84D3-10702BAC6F9B}.Release|x86.Build.0 = Release|Any CPU
		{6F674220-9161-44A0-B8BC-E9D6D1771367}.Debug|Any CPU.ActiveCfg = Debug|Any CPU
		{6F674220-9161-44A0-B8BC-E9D6D1771367}.Debug|Any CPU.Build.0 = Debug|Any CPU
		{6F674220-9161-44A0-B8BC-E9D6D1771367}.Debug|x64.ActiveCfg = Debug|Any CPU
		{6F674220-9161-44A0-B8BC-E9D6D1771367}.Debug|x64.Build.0 = Debug|Any CPU
		{6F674220-9161-44A0-B8BC-E9D6D1771367}.Debug|x86.ActiveCfg = Debug|Any CPU
		{6F674220-9161-44A0-B8BC-E9D6D1771367}.Debug|x86.Build.0 = Debug|Any CPU
		{6F674220-9161-44A0-B8BC-E9D6D1771367}.Release|Any CPU.ActiveCfg = Release|Any CPU
		{6F674220-9161-44A0-B8BC-E9D6D1771367}.Release|Any CPU.Build.0 = Release|Any CPU
		{6F674220-9161-44A0-B8BC-E9D6D1771367}.Release|x64.ActiveCfg = Release|Any CPU
		{6F674220-9161-44A0-B8BC-E9D6D1771367}.Release|x64.Build.0 = Release|Any CPU
		{6F674220-9161-44A0-B8BC-E9D6D1771367}.Release|x86.ActiveCfg = Release|Any CPU
		{6F674220-9161-44A0-B8BC-E9D6D1771367}.Release|x86.Build.0 = Release|Any CPU
		{99E53FB7-266B-44B7-925C-41E2BD594F02}.Debug|Any CPU.ActiveCfg = Debug|Any CPU
		{99E53FB7-266B-44B7-925C-41E2BD594F02}.Debug|Any CPU.Build.0 = Debug|Any CPU
		{99E53FB7-266B-44B7-925C-41E2BD594F02}.Debug|x64.ActiveCfg = Debug|Any CPU
		{99E53FB7-266B-44B7-925C-41E2BD594F02}.Debug|x64.Build.0 = Debug|Any CPU
		{99E53FB7-266B-44B7-925C-41E2BD594F02}.Debug|x86.ActiveCfg = Debug|Any CPU
		{99E53FB7-266B-44B7-925C-41E2BD594F02}.Debug|x86.Build.0 = Debug|Any CPU
		{99E53FB7-266B-44B7-925C-41E2BD594F02}.Release|Any CPU.ActiveCfg = Release|Any CPU
		{99E53FB7-266B-44B7-925C-41E2BD594F02}.Release|Any CPU.Build.0 = Release|Any CPU
		{99E53FB7-266B-44B7-925C-41E2BD594F02}.Release|x64.ActiveCfg = Release|Any CPU
		{99E53FB7-266B-44B7-925C-41E2BD594F02}.Release|x64.Build.0 = Release|Any CPU
		{99E53FB7-266B-44B7-925C-41E2BD594F02}.Release|x86.ActiveCfg = Release|Any CPU
		{99E53FB7-266B-44B7-925C-41E2BD594F02}.Release|x86.Build.0 = Release|Any CPU
		{62180E98-5887-424E-989D-EC504BB0545E}.Debug|Any CPU.ActiveCfg = Debug|Any CPU
		{62180E98-5887-424E-989D-EC504BB0545E}.Debug|Any CPU.Build.0 = Debug|Any CPU
		{62180E98-5887-424E-989D-EC504BB0545E}.Debug|x64.ActiveCfg = Debug|Any CPU
		{62180E98-5887-424E-989D-EC504BB0545E}.Debug|x64.Build.0 = Debug|Any CPU
		{62180E98-5887-424E-989D-EC504BB0545E}.Debug|x86.ActiveCfg = Debug|Any CPU
		{62180E98-5887-424E-989D-EC504BB0545E}.Debug|x86.Build.0 = Debug|Any CPU
		{62180E98-5887-424E-989D-EC504BB0545E}.Release|Any CPU.ActiveCfg = Release|Any CPU
		{62180E98-5887-424E-989D-EC504BB0545E}.Release|Any CPU.Build.0 = Release|Any CPU
		{62180E98-5887-424E-989D-EC504BB0545E}.Release|x64.ActiveCfg = Release|Any CPU
		{62180E98-5887-424E-989D-EC504BB0545E}.Release|x64.Build.0 = Release|Any CPU
		{62180E98-5887-424E-989D-EC504BB0545E}.Release|x86.ActiveCfg = Release|Any CPU
		{62180E98-5887-424E-989D-EC504BB0545E}.Release|x86.Build.0 = Release|Any CPU
		{9AFB55F6-7018-48C0-B382-037A708523E9}.Debug|Any CPU.ActiveCfg = Debug|Any CPU
		{9AFB55F6-7018-48C0-B382-037A708523E9}.Debug|Any CPU.Build.0 = Debug|Any CPU
		{9AFB55F6-7018-48C0-B382-037A708523E9}.Debug|x64.ActiveCfg = Debug|Any CPU
		{9AFB55F6-7018-48C0-B382-037A708523E9}.Debug|x64.Build.0 = Debug|Any CPU
		{9AFB55F6-7018-48C0-B382-037A708523E9}.Debug|x86.ActiveCfg = Debug|Any CPU
		{9AFB55F6-7018-48C0-B382-037A708523E9}.Debug|x86.Build.0 = Debug|Any CPU
		{9AFB55F6-7018-48C0-B382-037A708523E9}.Release|Any CPU.ActiveCfg = Release|Any CPU
		{9AFB55F6-7018-48C0-B382-037A708523E9}.Release|Any CPU.Build.0 = Release|Any CPU
		{9AFB55F6-7018-48C0-B382-037A708523E9}.Release|x64.ActiveCfg = Release|Any CPU
		{9AFB55F6-7018-48C0-B382-037A708523E9}.Release|x64.Build.0 = Release|Any CPU
		{9AFB55F6-7018-48C0-B382-037A708523E9}.Release|x86.ActiveCfg = Release|Any CPU
		{9AFB55F6-7018-48C0-B382-037A708523E9}.Release|x86.Build.0 = Release|Any CPU
		{2E6F3007-4844-4785-8297-54081081AF26}.Debug|Any CPU.ActiveCfg = Debug|Any CPU
		{2E6F3007-4844-4785-8297-54081081AF26}.Debug|Any CPU.Build.0 = Debug|Any CPU
		{2E6F3007-4844-4785-8297-54081081AF26}.Debug|x64.ActiveCfg = Debug|Any CPU
		{2E6F3007-4844-4785-8297-54081081AF26}.Debug|x64.Build.0 = Debug|Any CPU
		{2E6F3007-4844-4785-8297-54081081AF26}.Debug|x86.ActiveCfg = Debug|Any CPU
		{2E6F3007-4844-4785-8297-54081081AF26}.Debug|x86.Build.0 = Debug|Any CPU
		{2E6F3007-4844-4785-8297-54081081AF26}.Release|Any CPU.ActiveCfg = Release|Any CPU
		{2E6F3007-4844-4785-8297-54081081AF26}.Release|Any CPU.Build.0 = Release|Any CPU
		{2E6F3007-4844-4785-8297-54081081AF26}.Release|x64.ActiveCfg = Release|Any CPU
		{2E6F3007-4844-4785-8297-54081081AF26}.Release|x64.Build.0 = Release|Any CPU
		{2E6F3007-4844-4785-8297-54081081AF26}.Release|x86.ActiveCfg = Release|Any CPU
		{2E6F3007-4844-4785-8297-54081081AF26}.Release|x86.Build.0 = Release|Any CPU
		{237DDAC7-0E5A-4630-8CF9-D28EA8F2C49B}.Debug|Any CPU.ActiveCfg = Debug|Any CPU
		{237DDAC7-0E5A-4630-8CF9-D28EA8F2C49B}.Debug|Any CPU.Build.0 = Debug|Any CPU
		{237DDAC7-0E5A-4630-8CF9-D28EA8F2C49B}.Debug|x64.ActiveCfg = Debug|Any CPU
		{237DDAC7-0E5A-4630-8CF9-D28EA8F2C49B}.Debug|x64.Build.0 = Debug|Any CPU
		{237DDAC7-0E5A-4630-8CF9-D28EA8F2C49B}.Debug|x86.ActiveCfg = Debug|Any CPU
		{237DDAC7-0E5A-4630-8CF9-D28EA8F2C49B}.Debug|x86.Build.0 = Debug|Any CPU
		{237DDAC7-0E5A-4630-8CF9-D28EA8F2C49B}.Release|Any CPU.ActiveCfg = Release|Any CPU
		{237DDAC7-0E5A-4630-8CF9-D28EA8F2C49B}.Release|Any CPU.Build.0 = Release|Any CPU
		{237DDAC7-0E5A-4630-8CF9-D28EA8F2C49B}.Release|x64.ActiveCfg = Release|Any CPU
		{237DDAC7-0E5A-4630-8CF9-D28EA8F2C49B}.Release|x64.Build.0 = Release|Any CPU
		{237DDAC7-0E5A-4630-8CF9-D28EA8F2C49B}.Release|x86.ActiveCfg = Release|Any CPU
		{237DDAC7-0E5A-4630-8CF9-D28EA8F2C49B}.Release|x86.Build.0 = Release|Any CPU
		{71458A7E-693D-42AA-A4B7-82FAABAE220F}.Debug|Any CPU.ActiveCfg = Debug|Any CPU
		{71458A7E-693D-42AA-A4B7-82FAABAE220F}.Debug|Any CPU.Build.0 = Debug|Any CPU
		{71458A7E-693D-42AA-A4B7-82FAABAE220F}.Debug|x64.ActiveCfg = Debug|Any CPU
		{71458A7E-693D-42AA-A4B7-82FAABAE220F}.Debug|x64.Build.0 = Debug|Any CPU
		{71458A7E-693D-42AA-A4B7-82FAABAE220F}.Debug|x86.ActiveCfg = Debug|Any CPU
		{71458A7E-693D-42AA-A4B7-82FAABAE220F}.Debug|x86.Build.0 = Debug|Any CPU
		{71458A7E-693D-42AA-A4B7-82FAABAE220F}.Release|Any CPU.ActiveCfg = Release|Any CPU
		{71458A7E-693D-42AA-A4B7-82FAABAE220F}.Release|Any CPU.Build.0 = Release|Any CPU
		{71458A7E-693D-42AA-A4B7-82FAABAE220F}.Release|x64.ActiveCfg = Release|Any CPU
		{71458A7E-693D-42AA-A4B7-82FAABAE220F}.Release|x64.Build.0 = Release|Any CPU
		{71458A7E-693D-42AA-A4B7-82FAABAE220F}.Release|x86.ActiveCfg = Release|Any CPU
		{71458A7E-693D-42AA-A4B7-82FAABAE220F}.Release|x86.Build.0 = Release|Any CPU
		{E56F61CC-0AEC-4E22-8352-59025677401A}.Debug|Any CPU.ActiveCfg = Debug|Any CPU
		{E56F61CC-0AEC-4E22-8352-59025677401A}.Debug|Any CPU.Build.0 = Debug|Any CPU
		{E56F61CC-0AEC-4E22-8352-59025677401A}.Debug|x64.ActiveCfg = Debug|Any CPU
		{E56F61CC-0AEC-4E22-8352-59025677401A}.Debug|x64.Build.0 = Debug|Any CPU
		{E56F61CC-0AEC-4E22-8352-59025677401A}.Debug|x86.ActiveCfg = Debug|Any CPU
		{E56F61CC-0AEC-4E22-8352-59025677401A}.Debug|x86.Build.0 = Debug|Any CPU
		{E56F61CC-0AEC-4E22-8352-59025677401A}.Release|Any CPU.ActiveCfg = Release|Any CPU
		{E56F61CC-0AEC-4E22-8352-59025677401A}.Release|Any CPU.Build.0 = Release|Any CPU
		{E56F61CC-0AEC-4E22-8352-59025677401A}.Release|x64.ActiveCfg = Release|Any CPU
		{E56F61CC-0AEC-4E22-8352-59025677401A}.Release|x64.Build.0 = Release|Any CPU
		{E56F61CC-0AEC-4E22-8352-59025677401A}.Release|x86.ActiveCfg = Release|Any CPU
		{E56F61CC-0AEC-4E22-8352-59025677401A}.Release|x86.Build.0 = Release|Any CPU
		{E9C15091-B40D-41DF-9C87-0413C50B23D8}.Debug|Any CPU.ActiveCfg = Debug|Any CPU
		{E9C15091-B40D-41DF-9C87-0413C50B23D8}.Debug|Any CPU.Build.0 = Debug|Any CPU
		{E9C15091-B40D-41DF-9C87-0413C50B23D8}.Debug|x64.ActiveCfg = Debug|Any CPU
		{E9C15091-B40D-41DF-9C87-0413C50B23D8}.Debug|x64.Build.0 = Debug|Any CPU
		{E9C15091-B40D-41DF-9C87-0413C50B23D8}.Debug|x86.ActiveCfg = Debug|Any CPU
		{E9C15091-B40D-41DF-9C87-0413C50B23D8}.Debug|x86.Build.0 = Debug|Any CPU
		{E9C15091-B40D-41DF-9C87-0413C50B23D8}.Release|Any CPU.ActiveCfg = Release|Any CPU
		{E9C15091-B40D-41DF-9C87-0413C50B23D8}.Release|Any CPU.Build.0 = Release|Any CPU
		{E9C15091-B40D-41DF-9C87-0413C50B23D8}.Release|x64.ActiveCfg = Release|Any CPU
		{E9C15091-B40D-41DF-9C87-0413C50B23D8}.Release|x64.Build.0 = Release|Any CPU
		{E9C15091-B40D-41DF-9C87-0413C50B23D8}.Release|x86.ActiveCfg = Release|Any CPU
		{E9C15091-B40D-41DF-9C87-0413C50B23D8}.Release|x86.Build.0 = Release|Any CPU
	EndGlobalSection
	GlobalSection(SolutionProperties) = preSolution
		HideSolutionNode = FALSE
	EndGlobalSection
	GlobalSection(NestedProjects) = preSolution
		{08C88EC9-4DE0-4428-9D0E-3A4C7374371B} = {827E0CD3-B72D-47B6-A68D-7590B98EB39B}
		{00F031DF-F9E2-4446-A057-902FE7E60961} = {827E0CD3-B72D-47B6-A68D-7590B98EB39B}
		{AD3BDAAF-7E0D-42FB-9BB0-4EEBB836A454} = {827E0CD3-B72D-47B6-A68D-7590B98EB39B}
		{68A8BFEA-17AC-473F-8E0E-F30CF7F7374C} = {827E0CD3-B72D-47B6-A68D-7590B98EB39B}
		{E6EE0652-5A32-4391-84D3-10702BAC6F9B} = {827E0CD3-B72D-47B6-A68D-7590B98EB39B}
		{6F674220-9161-44A0-B8BC-E9D6D1771367} = {827E0CD3-B72D-47B6-A68D-7590B98EB39B}
		{99E53FB7-266B-44B7-925C-41E2BD594F02} = {0AB3BF05-4346-4AA6-1389-037BE0695223}
		{62180E98-5887-424E-989D-EC504BB0545E} = {0AB3BF05-4346-4AA6-1389-037BE0695223}
		{9AFB55F6-7018-48C0-B382-037A708523E9} = {0AB3BF05-4346-4AA6-1389-037BE0695223}
		{2E6F3007-4844-4785-8297-54081081AF26} = {0AB3BF05-4346-4AA6-1389-037BE0695223}
		{237DDAC7-0E5A-4630-8CF9-D28EA8F2C49B} = {0AB3BF05-4346-4AA6-1389-037BE0695223}
		{71458A7E-693D-42AA-A4B7-82FAABAE220F} = {0AB3BF05-4346-4AA6-1389-037BE0695223}
		{E56F61CC-0AEC-4E22-8352-59025677401A} = {827E0CD3-B72D-47B6-A68D-7590B98EB39B}
		{E9C15091-B40D-41DF-9C87-0413C50B23D8} = {0AB3BF05-4346-4AA6-1389-037BE0695223}
	EndGlobalSection
EndGlobal
